
Microsoft Visual Studio Solution File, Format Version 12.00
# Visual Studio Version 16
VisualStudioVersion = 16.0.28922.388
MinimumVisualStudioVersion = 10.0.40219.1
Project("{FAE04EC0-301F-11D3-BF4B-00C04F79EFBC}") = "WPFEFTest", "WPFEFTest\WPFEFTest.csproj", "{39FC82A3-A0E8-4AF0-9E5A-AB0F218676FE}"
EndProject
Project("{FAE04EC0-301F-11D3-BF4B-00C04F79EFBC}") = "WpfAppRoutedEventTest", "WpfAppRoutedEventTest\WpfAppRoutedEventTest.csproj", "{93A4EE3F-7E1C-451C-9C12-19ED77FC67C3}"
EndProject
Project("{FAE04EC0-301F-11D3-BF4B-00C04F79EFBC}") = "WpfAppBHibernateTest", "WpfAppBHibernateTest\WpfAppBHibernateTest.csproj", "{2184731E-4496-4C4C-9915-DD3DD4DAFC99}"
EndProject
Project("{2150E333-8FDC-42A3-9474-1A3956D46DE8}") = "ControlTemplateDemo", "ControlTemplateDemo", "{8CE13967-D446-4408-978A-09D1EA4E7D27}"
EndProject
Project("{FAE04EC0-301F-11D3-BF4B-00C04F79EFBC}") = "WpfCustomControlLibrary1", "WpfCustomControlLibrary1\WpfCustomControlLibrary1.csproj", "{E67AB457-CAF1-4C77-87CF-9FDA9EFD0935}"
EndProject
Project("{FAE04EC0-301F-11D3-BF4B-00C04F79EFBC}") = "WpfAppTemplateDemo", "WpfAppTemplateDemo\WpfAppTemplateDemo.csproj", "{23F0285C-4FBA-42C7-9A64-E27ECC3F2E76}"
EndProject
Project("{9A19103F-16F7-4668-BE54-9A1E7A4F7556}") = "ConsoleAppDemo", "ConsoleAppDemo\ConsoleAppDemo.csproj", "{63C9CC39-8C46-4411-ADAB-65F508DFE5BE}"
EndProject
Project("{2150E333-8FDC-42A3-9474-1A3956D46DE8}") = "MongodbDemo", "MongodbDemo", "{9AA9739A-CFF4-4A99-B91A-27523328E0A2}"
EndProject
Project("{9A19103F-16F7-4668-BE54-9A1E7A4F7556}") = "MongoDbConsoleApp", "MongoDbConsoleApp\MongoDbConsoleApp.csproj", "{6EFF2A21-D321-4680-9A24-0BD8CEF86B4B}"
EndProject
Project("{2150E333-8FDC-42A3-9474-1A3956D46DE8}") = "ASPNETDemo", "ASPNETDemo", "{59FF8BA2-23E7-42E5-8069-295AEA789ECB}"
EndProject
Project("{FAE04EC0-301F-11D3-BF4B-00C04F79EFBC}") = "WingtipToys", "WingtipToys\WingtipToys.csproj", "{EF0F3BE1-AF9A-40C9-AB86-8CF3AC6877A1}"
EndProject
Project("{FAE04EC0-301F-11D3-BF4B-00C04F79EFBC}") = "WingtipToys.Tests", "WingtipToys.Tests\WingtipToys.Tests.csproj", "{A678E0DE-6626-4821-B34A-3386C20C45E3}"
EndProject
Project("{FAE04EC0-301F-11D3-BF4B-00C04F79EFBC}") = "WebApplicationFirst", "WebApplicationFirst\WebApplicationFirst.csproj", "{607D22EE-EBFE-403D-8F7B-A92D7F32B29B}"
EndProject
Project("{FAE04EC0-301F-11D3-BF4B-00C04F79EFBC}") = "WebApplicationFirst.Tests", "WebApplicationFirst.Tests\WebApplicationFirst.Tests.csproj", "{457CF904-2AC4-4654-8488-E36F5E0462BF}"
EndProject
Project("{2150E333-8FDC-42A3-9474-1A3956D46DE8}") = "Xamarin", "Xamarin", "{1EC552B0-8E9E-4678-8120-3B55FC74485C}"
EndProject
Project("{FAE04EC0-301F-11D3-BF4B-00C04F79EFBC}") = "FirstXamarin.UWP", "FirstXamarin\FirstXamarin.UWP\FirstXamarin.UWP.csproj", "{201C8CAA-C8AF-4CC5-86D9-F9122437113B}"
EndProject
Project("{FAE04EC0-301F-11D3-BF4B-00C04F79EFBC}") = "FirstXamarin.Android", "FirstXamarin\FirstXamarin.Android\FirstXamarin.Android.csproj", "{95F178CC-C9E9-4AA9-AD01-4252FFC075DD}"
EndProject
Project("{FAE04EC0-301F-11D3-BF4B-00C04F79EFBC}") = "FirstXamarin.iOS", "FirstXamarin\FirstXamarin.iOS\FirstXamarin.iOS.csproj", "{7B51DB9C-3C8C-4CBB-8420-CBC0F89D1243}"
EndProject
Project("{9A19103F-16F7-4668-BE54-9A1E7A4F7556}") = "FirstXamarin", "FirstXamarin\FirstXamarin\FirstXamarin.csproj", "{B3546391-77F9-4010-B3B1-6DB8BC0795E5}"
EndProject
Project("{FAE04EC0-301F-11D3-BF4B-00C04F79EFBC}") = "WebFormFirst", "WebFormFirst\WebFormFirst.csproj", "{5F44619F-C3A6-437B-9A55-D8B347B6511F}"
EndProject
Project("{FAE04EC0-301F-11D3-BF4B-00C04F79EFBC}") = "WebFormFirst.Tests", "WebFormFirst.Tests\WebFormFirst.Tests.csproj", "{3433D576-FC51-42A3-B452-8524D8595EFF}"
EndProject
Global
	GlobalSection(SolutionConfigurationPlatforms) = preSolution
		Debug|Any CPU = Debug|Any CPU
		Debug|ARM = Debug|ARM
		Debug|iPhone = Debug|iPhone
		Debug|iPhoneSimulator = Debug|iPhoneSimulator
		Debug|x64 = Debug|x64
		Debug|x86 = Debug|x86
		Release|Any CPU = Release|Any CPU
		Release|ARM = Release|ARM
		Release|iPhone = Release|iPhone
		Release|iPhoneSimulator = Release|iPhoneSimulator
		Release|x64 = Release|x64
		Release|x86 = Release|x86
	EndGlobalSection
	GlobalSection(ProjectConfigurationPlatforms) = postSolution
		{39FC82A3-A0E8-4AF0-9E5A-AB0F218676FE}.Debug|Any CPU.ActiveCfg = Debug|Any CPU
		{39FC82A3-A0E8-4AF0-9E5A-AB0F218676FE}.Debug|Any CPU.Build.0 = Debug|Any CPU
		{39FC82A3-A0E8-4AF0-9E5A-AB0F218676FE}.Debug|ARM.ActiveCfg = Debug|Any CPU
		{39FC82A3-A0E8-4AF0-9E5A-AB0F218676FE}.Debug|ARM.Build.0 = Debug|Any CPU
		{39FC82A3-A0E8-4AF0-9E5A-AB0F218676FE}.Debug|iPhone.ActiveCfg = Debug|Any CPU
		{39FC82A3-A0E8-4AF0-9E5A-AB0F218676FE}.Debug|iPhone.Build.0 = Debug|Any CPU
		{39FC82A3-A0E8-4AF0-9E5A-AB0F218676FE}.Debug|iPhoneSimulator.ActiveCfg = Debug|Any CPU
		{39FC82A3-A0E8-4AF0-9E5A-AB0F218676FE}.Debug|iPhoneSimulator.Build.0 = Debug|Any CPU
		{39FC82A3-A0E8-4AF0-9E5A-AB0F218676FE}.Debug|x64.ActiveCfg = Debug|Any CPU
		{39FC82A3-A0E8-4AF0-9E5A-AB0F218676FE}.Debug|x64.Build.0 = Debug|Any CPU
		{39FC82A3-A0E8-4AF0-9E5A-AB0F218676FE}.Debug|x86.ActiveCfg = Debug|Any CPU
		{39FC82A3-A0E8-4AF0-9E5A-AB0F218676FE}.Debug|x86.Build.0 = Debug|Any CPU
		{39FC82A3-A0E8-4AF0-9E5A-AB0F218676FE}.Release|Any CPU.ActiveCfg = Release|Any CPU
		{39FC82A3-A0E8-4AF0-9E5A-AB0F218676FE}.Release|Any CPU.Build.0 = Release|Any CPU
		{39FC82A3-A0E8-4AF0-9E5A-AB0F218676FE}.Release|ARM.ActiveCfg = Release|Any CPU
		{39FC82A3-A0E8-4AF0-9E5A-AB0F218676FE}.Release|ARM.Build.0 = Release|Any CPU
		{39FC82A3-A0E8-4AF0-9E5A-AB0F218676FE}.Release|iPhone.ActiveCfg = Release|Any CPU
		{39FC82A3-A0E8-4AF0-9E5A-AB0F218676FE}.Release|iPhone.Build.0 = Release|Any CPU
		{39FC82A3-A0E8-4AF0-9E5A-AB0F218676FE}.Release|iPhoneSimulator.ActiveCfg = Release|Any CPU
		{39FC82A3-A0E8-4AF0-9E5A-AB0F218676FE}.Release|iPhoneSimulator.Build.0 = Release|Any CPU
		{39FC82A3-A0E8-4AF0-9E5A-AB0F218676FE}.Release|x64.ActiveCfg = Release|Any CPU
		{39FC82A3-A0E8-4AF0-9E5A-AB0F218676FE}.Release|x64.Build.0 = Release|Any CPU
		{39FC82A3-A0E8-4AF0-9E5A-AB0F218676FE}.Release|x86.ActiveCfg = Release|Any CPU
		{39FC82A3-A0E8-4AF0-9E5A-AB0F218676FE}.Release|x86.Build.0 = Release|Any CPU
		{93A4EE3F-7E1C-451C-9C12-19ED77FC67C3}.Debug|Any CPU.ActiveCfg = Debug|Any CPU
		{93A4EE3F-7E1C-451C-9C12-19ED77FC67C3}.Debug|Any CPU.Build.0 = Debug|Any CPU
		{93A4EE3F-7E1C-451C-9C12-19ED77FC67C3}.Debug|ARM.ActiveCfg = Debug|Any CPU
		{93A4EE3F-7E1C-451C-9C12-19ED77FC67C3}.Debug|ARM.Build.0 = Debug|Any CPU
		{93A4EE3F-7E1C-451C-9C12-19ED77FC67C3}.Debug|iPhone.ActiveCfg = Debug|Any CPU
		{93A4EE3F-7E1C-451C-9C12-19ED77FC67C3}.Debug|iPhone.Build.0 = Debug|Any CPU
		{93A4EE3F-7E1C-451C-9C12-19ED77FC67C3}.Debug|iPhoneSimulator.ActiveCfg = Debug|Any CPU
		{93A4EE3F-7E1C-451C-9C12-19ED77FC67C3}.Debug|iPhoneSimulator.Build.0 = Debug|Any CPU
		{93A4EE3F-7E1C-451C-9C12-19ED77FC67C3}.Debug|x64.ActiveCfg = Debug|Any CPU
		{93A4EE3F-7E1C-451C-9C12-19ED77FC67C3}.Debug|x64.Build.0 = Debug|Any CPU
		{93A4EE3F-7E1C-451C-9C12-19ED77FC67C3}.Debug|x86.ActiveCfg = Debug|Any CPU
		{93A4EE3F-7E1C-451C-9C12-19ED77FC67C3}.Debug|x86.Build.0 = Debug|Any CPU
		{93A4EE3F-7E1C-451C-9C12-19ED77FC67C3}.Release|Any CPU.ActiveCfg = Release|Any CPU
		{93A4EE3F-7E1C-451C-9C12-19ED77FC67C3}.Release|Any CPU.Build.0 = Release|Any CPU
		{93A4EE3F-7E1C-451C-9C12-19ED77FC67C3}.Release|ARM.ActiveCfg = Release|Any CPU
		{93A4EE3F-7E1C-451C-9C12-19ED77FC67C3}.Release|ARM.Build.0 = Release|Any CPU
		{93A4EE3F-7E1C-451C-9C12-19ED77FC67C3}.Release|iPhone.ActiveCfg = Release|Any CPU
		{93A4EE3F-7E1C-451C-9C12-19ED77FC67C3}.Release|iPhone.Build.0 = Release|Any CPU
		{93A4EE3F-7E1C-451C-9C12-19ED77FC67C3}.Release|iPhoneSimulator.ActiveCfg = Release|Any CPU
		{93A4EE3F-7E1C-451C-9C12-19ED77FC67C3}.Release|iPhoneSimulator.Build.0 = Release|Any CPU
		{93A4EE3F-7E1C-451C-9C12-19ED77FC67C3}.Release|x64.ActiveCfg = Release|Any CPU
		{93A4EE3F-7E1C-451C-9C12-19ED77FC67C3}.Release|x64.Build.0 = Release|Any CPU
		{93A4EE3F-7E1C-451C-9C12-19ED77FC67C3}.Release|x86.ActiveCfg = Release|Any CPU
		{93A4EE3F-7E1C-451C-9C12-19ED77FC67C3}.Release|x86.Build.0 = Release|Any CPU
		{2184731E-4496-4C4C-9915-DD3DD4DAFC99}.Debug|Any CPU.ActiveCfg = Debug|Any CPU
		{2184731E-4496-4C4C-9915-DD3DD4DAFC99}.Debug|Any CPU.Build.0 = Debug|Any CPU
		{2184731E-4496-4C4C-9915-DD3DD4DAFC99}.Debug|ARM.ActiveCfg = Debug|Any CPU
		{2184731E-4496-4C4C-9915-DD3DD4DAFC99}.Debug|ARM.Build.0 = Debug|Any CPU
		{2184731E-4496-4C4C-9915-DD3DD4DAFC99}.Debug|iPhone.ActiveCfg = Debug|Any CPU
		{2184731E-4496-4C4C-9915-DD3DD4DAFC99}.Debug|iPhone.Build.0 = Debug|Any CPU
		{2184731E-4496-4C4C-9915-DD3DD4DAFC99}.Debug|iPhoneSimulator.ActiveCfg = Debug|Any CPU
		{2184731E-4496-4C4C-9915-DD3DD4DAFC99}.Debug|iPhoneSimulator.Build.0 = Debug|Any CPU
		{2184731E-4496-4C4C-9915-DD3DD4DAFC99}.Debug|x64.ActiveCfg = Debug|Any CPU
		{2184731E-4496-4C4C-9915-DD3DD4DAFC99}.Debug|x64.Build.0 = Debug|Any CPU
		{2184731E-4496-4C4C-9915-DD3DD4DAFC99}.Debug|x86.ActiveCfg = Debug|Any CPU
		{2184731E-4496-4C4C-9915-DD3DD4DAFC99}.Debug|x86.Build.0 = Debug|Any CPU
		{2184731E-4496-4C4C-9915-DD3DD4DAFC99}.Release|Any CPU.ActiveCfg = Release|Any CPU
		{2184731E-4496-4C4C-9915-DD3DD4DAFC99}.Release|Any CPU.Build.0 = Release|Any CPU
		{2184731E-4496-4C4C-9915-DD3DD4DAFC99}.Release|ARM.ActiveCfg = Release|Any CPU
		{2184731E-4496-4C4C-9915-DD3DD4DAFC99}.Release|ARM.Build.0 = Release|Any CPU
		{2184731E-4496-4C4C-9915-DD3DD4DAFC99}.Release|iPhone.ActiveCfg = Release|Any CPU
		{2184731E-4496-4C4C-9915-DD3DD4DAFC99}.Release|iPhone.Build.0 = Release|Any CPU
		{2184731E-4496-4C4C-9915-DD3DD4DAFC99}.Release|iPhoneSimulator.ActiveCfg = Release|Any CPU
		{2184731E-4496-4C4C-9915-DD3DD4DAFC99}.Release|iPhoneSimulator.Build.0 = Release|Any CPU
		{2184731E-4496-4C4C-9915-DD3DD4DAFC99}.Release|x64.ActiveCfg = Release|Any CPU
		{2184731E-4496-4C4C-9915-DD3DD4DAFC99}.Release|x64.Build.0 = Release|Any CPU
		{2184731E-4496-4C4C-9915-DD3DD4DAFC99}.Release|x86.ActiveCfg = Release|Any CPU
		{2184731E-4496-4C4C-9915-DD3DD4DAFC99}.Release|x86.Build.0 = Release|Any CPU
		{E67AB457-CAF1-4C77-87CF-9FDA9EFD0935}.Debug|Any CPU.ActiveCfg = Debug|Any CPU
		{E67AB457-CAF1-4C77-87CF-9FDA9EFD0935}.Debug|Any CPU.Build.0 = Debug|Any CPU
		{E67AB457-CAF1-4C77-87CF-9FDA9EFD0935}.Debug|ARM.ActiveCfg = Debug|Any CPU
		{E67AB457-CAF1-4C77-87CF-9FDA9EFD0935}.Debug|ARM.Build.0 = Debug|Any CPU
		{E67AB457-CAF1-4C77-87CF-9FDA9EFD0935}.Debug|iPhone.ActiveCfg = Debug|Any CPU
		{E67AB457-CAF1-4C77-87CF-9FDA9EFD0935}.Debug|iPhone.Build.0 = Debug|Any CPU
		{E67AB457-CAF1-4C77-87CF-9FDA9EFD0935}.Debug|iPhoneSimulator.ActiveCfg = Debug|Any CPU
		{E67AB457-CAF1-4C77-87CF-9FDA9EFD0935}.Debug|iPhoneSimulator.Build.0 = Debug|Any CPU
		{E67AB457-CAF1-4C77-87CF-9FDA9EFD0935}.Debug|x64.ActiveCfg = Debug|Any CPU
		{E67AB457-CAF1-4C77-87CF-9FDA9EFD0935}.Debug|x64.Build.0 = Debug|Any CPU
		{E67AB457-CAF1-4C77-87CF-9FDA9EFD0935}.Debug|x86.ActiveCfg = Debug|Any CPU
		{E67AB457-CAF1-4C77-87CF-9FDA9EFD0935}.Debug|x86.Build.0 = Debug|Any CPU
		{E67AB457-CAF1-4C77-87CF-9FDA9EFD0935}.Release|Any CPU.ActiveCfg = Release|Any CPU
		{E67AB457-CAF1-4C77-87CF-9FDA9EFD0935}.Release|Any CPU.Build.0 = Release|Any CPU
		{E67AB457-CAF1-4C77-87CF-9FDA9EFD0935}.Release|ARM.ActiveCfg = Release|Any CPU
		{E67AB457-CAF1-4C77-87CF-9FDA9EFD0935}.Release|ARM.Build.0 = Release|Any CPU
		{E67AB457-CAF1-4C77-87CF-9FDA9EFD0935}.Release|iPhone.ActiveCfg = Release|Any CPU
		{E67AB457-CAF1-4C77-87CF-9FDA9EFD0935}.Release|iPhone.Build.0 = Release|Any CPU
		{E67AB457-CAF1-4C77-87CF-9FDA9EFD0935}.Release|iPhoneSimulator.ActiveCfg = Release|Any CPU
		{E67AB457-CAF1-4C77-87CF-9FDA9EFD0935}.Release|iPhoneSimulator.Build.0 = Release|Any CPU
		{E67AB457-CAF1-4C77-87CF-9FDA9EFD0935}.Release|x64.ActiveCfg = Release|Any CPU
		{E67AB457-CAF1-4C77-87CF-9FDA9EFD0935}.Release|x64.Build.0 = Release|Any CPU
		{E67AB457-CAF1-4C77-87CF-9FDA9EFD0935}.Release|x86.ActiveCfg = Release|Any CPU
		{E67AB457-CAF1-4C77-87CF-9FDA9EFD0935}.Release|x86.Build.0 = Release|Any CPU
		{23F0285C-4FBA-42C7-9A64-E27ECC3F2E76}.Debug|Any CPU.ActiveCfg = Debug|Any CPU
		{23F0285C-4FBA-42C7-9A64-E27ECC3F2E76}.Debug|Any CPU.Build.0 = Debug|Any CPU
		{23F0285C-4FBA-42C7-9A64-E27ECC3F2E76}.Debug|ARM.ActiveCfg = Debug|Any CPU
		{23F0285C-4FBA-42C7-9A64-E27ECC3F2E76}.Debug|ARM.Build.0 = Debug|Any CPU
		{23F0285C-4FBA-42C7-9A64-E27ECC3F2E76}.Debug|iPhone.ActiveCfg = Debug|Any CPU
		{23F0285C-4FBA-42C7-9A64-E27ECC3F2E76}.Debug|iPhone.Build.0 = Debug|Any CPU
		{23F0285C-4FBA-42C7-9A64-E27ECC3F2E76}.Debug|iPhoneSimulator.ActiveCfg = Debug|Any CPU
		{23F0285C-4FBA-42C7-9A64-E27ECC3F2E76}.Debug|iPhoneSimulator.Build.0 = Debug|Any CPU
		{23F0285C-4FBA-42C7-9A64-E27ECC3F2E76}.Debug|x64.ActiveCfg = Debug|Any CPU
		{23F0285C-4FBA-42C7-9A64-E27ECC3F2E76}.Debug|x64.Build.0 = Debug|Any CPU
		{23F0285C-4FBA-42C7-9A64-E27ECC3F2E76}.Debug|x86.ActiveCfg = Debug|Any CPU
		{23F0285C-4FBA-42C7-9A64-E27ECC3F2E76}.Debug|x86.Build.0 = Debug|Any CPU
		{23F0285C-4FBA-42C7-9A64-E27ECC3F2E76}.Release|Any CPU.ActiveCfg = Release|Any CPU
		{23F0285C-4FBA-42C7-9A64-E27ECC3F2E76}.Release|Any CPU.Build.0 = Release|Any CPU
		{23F0285C-4FBA-42C7-9A64-E27ECC3F2E76}.Release|ARM.ActiveCfg = Release|Any CPU
		{23F0285C-4FBA-42C7-9A64-E27ECC3F2E76}.Release|ARM.Build.0 = Release|Any CPU
		{23F0285C-4FBA-42C7-9A64-E27ECC3F2E76}.Release|iPhone.ActiveCfg = Release|Any CPU
		{23F0285C-4FBA-42C7-9A64-E27ECC3F2E76}.Release|iPhone.Build.0 = Release|Any CPU
		{23F0285C-4FBA-42C7-9A64-E27ECC3F2E76}.Release|iPhoneSimulator.ActiveCfg = Release|Any CPU
		{23F0285C-4FBA-42C7-9A64-E27ECC3F2E76}.Release|iPhoneSimulator.Build.0 = Release|Any CPU
		{23F0285C-4FBA-42C7-9A64-E27ECC3F2E76}.Release|x64.ActiveCfg = Release|Any CPU
		{23F0285C-4FBA-42C7-9A64-E27ECC3F2E76}.Release|x64.Build.0 = Release|Any CPU
		{23F0285C-4FBA-42C7-9A64-E27ECC3F2E76}.Release|x86.ActiveCfg = Release|Any CPU
		{23F0285C-4FBA-42C7-9A64-E27ECC3F2E76}.Release|x86.Build.0 = Release|Any CPU
		{63C9CC39-8C46-4411-ADAB-65F508DFE5BE}.Debug|Any CPU.ActiveCfg = Debug|Any CPU
		{63C9CC39-8C46-4411-ADAB-65F508DFE5BE}.Debug|Any CPU.Build.0 = Debug|Any CPU
		{63C9CC39-8C46-4411-ADAB-65F508DFE5BE}.Debug|ARM.ActiveCfg = Debug|Any CPU
		{63C9CC39-8C46-4411-ADAB-65F508DFE5BE}.Debug|ARM.Build.0 = Debug|Any CPU
		{63C9CC39-8C46-4411-ADAB-65F508DFE5BE}.Debug|iPhone.ActiveCfg = Debug|Any CPU
		{63C9CC39-8C46-4411-ADAB-65F508DFE5BE}.Debug|iPhone.Build.0 = Debug|Any CPU
		{63C9CC39-8C46-4411-ADAB-65F508DFE5BE}.Debug|iPhoneSimulator.ActiveCfg = Debug|Any CPU
		{63C9CC39-8C46-4411-ADAB-65F508DFE5BE}.Debug|iPhoneSimulator.Build.0 = Debug|Any CPU
		{63C9CC39-8C46-4411-ADAB-65F508DFE5BE}.Debug|x64.ActiveCfg = Debug|Any CPU
		{63C9CC39-8C46-4411-ADAB-65F508DFE5BE}.Debug|x64.Build.0 = Debug|Any CPU
		{63C9CC39-8C46-4411-ADAB-65F508DFE5BE}.Debug|x86.ActiveCfg = Debug|Any CPU
		{63C9CC39-8C46-4411-ADAB-65F508DFE5BE}.Debug|x86.Build.0 = Debug|Any CPU
		{63C9CC39-8C46-4411-ADAB-65F508DFE5BE}.Release|Any CPU.ActiveCfg = Release|Any CPU
		{63C9CC39-8C46-4411-ADAB-65F508DFE5BE}.Release|Any CPU.Build.0 = Release|Any CPU
		{63C9CC39-8C46-4411-ADAB-65F508DFE5BE}.Release|ARM.ActiveCfg = Release|Any CPU
		{63C9CC39-8C46-4411-ADAB-65F508DFE5BE}.Release|ARM.Build.0 = Release|Any CPU
		{63C9CC39-8C46-4411-ADAB-65F508DFE5BE}.Release|iPhone.ActiveCfg = Release|Any CPU
		{63C9CC39-8C46-4411-ADAB-65F508DFE5BE}.Release|iPhone.Build.0 = Release|Any CPU
		{63C9CC39-8C46-4411-ADAB-65F508DFE5BE}.Release|iPhoneSimulator.ActiveCfg = Release|Any CPU
		{63C9CC39-8C46-4411-ADAB-65F508DFE5BE}.Release|iPhoneSimulator.Build.0 = Release|Any CPU
		{63C9CC39-8C46-4411-ADAB-65F508DFE5BE}.Release|x64.ActiveCfg = Release|Any CPU
		{63C9CC39-8C46-4411-ADAB-65F508DFE5BE}.Release|x64.Build.0 = Release|Any CPU
		{63C9CC39-8C46-4411-ADAB-65F508DFE5BE}.Release|x86.ActiveCfg = Release|Any CPU
		{63C9CC39-8C46-4411-ADAB-65F508DFE5BE}.Release|x86.Build.0 = Release|Any CPU
		{6EFF2A21-D321-4680-9A24-0BD8CEF86B4B}.Debug|Any CPU.ActiveCfg = Debug|Any CPU
		{6EFF2A21-D321-4680-9A24-0BD8CEF86B4B}.Debug|Any CPU.Build.0 = Debug|Any CPU
		{6EFF2A21-D321-4680-9A24-0BD8CEF86B4B}.Debug|ARM.ActiveCfg = Debug|Any CPU
		{6EFF2A21-D321-4680-9A24-0BD8CEF86B4B}.Debug|ARM.Build.0 = Debug|Any CPU
		{6EFF2A21-D321-4680-9A24-0BD8CEF86B4B}.Debug|iPhone.ActiveCfg = Debug|Any CPU
		{6EFF2A21-D321-4680-9A24-0BD8CEF86B4B}.Debug|iPhone.Build.0 = Debug|Any CPU
		{6EFF2A21-D321-4680-9A24-0BD8CEF86B4B}.Debug|iPhoneSimulator.ActiveCfg = Debug|Any CPU
		{6EFF2A21-D321-4680-9A24-0BD8CEF86B4B}.Debug|iPhoneSimulator.Build.0 = Debug|Any CPU
		{6EFF2A21-D321-4680-9A24-0BD8CEF86B4B}.Debug|x64.ActiveCfg = Debug|Any CPU
		{6EFF2A21-D321-4680-9A24-0BD8CEF86B4B}.Debug|x64.Build.0 = Debug|Any CPU
		{6EFF2A21-D321-4680-9A24-0BD8CEF86B4B}.Debug|x86.ActiveCfg = Debug|Any CPU
		{6EFF2A21-D321-4680-9A24-0BD8CEF86B4B}.Debug|x86.Build.0 = Debug|Any CPU
		{6EFF2A21-D321-4680-9A24-0BD8CEF86B4B}.Release|Any CPU.ActiveCfg = Release|Any CPU
		{6EFF2A21-D321-4680-9A24-0BD8CEF86B4B}.Release|Any CPU.Build.0 = Release|Any CPU
		{6EFF2A21-D321-4680-9A24-0BD8CEF86B4B}.Release|ARM.ActiveCfg = Release|Any CPU
		{6EFF2A21-D321-4680-9A24-0BD8CEF86B4B}.Release|ARM.Build.0 = Release|Any CPU
		{6EFF2A21-D321-4680-9A24-0BD8CEF86B4B}.Release|iPhone.ActiveCfg = Release|Any CPU
		{6EFF2A21-D321-4680-9A24-0BD8CEF86B4B}.Release|iPhone.Build.0 = Release|Any CPU
		{6EFF2A21-D321-4680-9A24-0BD8CEF86B4B}.Release|iPhoneSimulator.ActiveCfg = Release|Any CPU
		{6EFF2A21-D321-4680-9A24-0BD8CEF86B4B}.Release|iPhoneSimulator.Build.0 = Release|Any CPU
		{6EFF2A21-D321-4680-9A24-0BD8CEF86B4B}.Release|x64.ActiveCfg = Release|Any CPU
		{6EFF2A21-D321-4680-9A24-0BD8CEF86B4B}.Release|x64.Build.0 = Release|Any CPU
		{6EFF2A21-D321-4680-9A24-0BD8CEF86B4B}.Release|x86.ActiveCfg = Release|Any CPU
		{6EFF2A21-D321-4680-9A24-0BD8CEF86B4B}.Release|x86.Build.0 = Release|Any CPU
		{EF0F3BE1-AF9A-40C9-AB86-8CF3AC6877A1}.Debug|Any CPU.ActiveCfg = Debug|Any CPU
		{EF0F3BE1-AF9A-40C9-AB86-8CF3AC6877A1}.Debug|Any CPU.Build.0 = Debug|Any CPU
		{EF0F3BE1-AF9A-40C9-AB86-8CF3AC6877A1}.Debug|ARM.ActiveCfg = Debug|Any CPU
		{EF0F3BE1-AF9A-40C9-AB86-8CF3AC6877A1}.Debug|ARM.Build.0 = Debug|Any CPU
		{EF0F3BE1-AF9A-40C9-AB86-8CF3AC6877A1}.Debug|iPhone.ActiveCfg = Debug|Any CPU
		{EF0F3BE1-AF9A-40C9-AB86-8CF3AC6877A1}.Debug|iPhone.Build.0 = Debug|Any CPU
		{EF0F3BE1-AF9A-40C9-AB86-8CF3AC6877A1}.Debug|iPhoneSimulator.ActiveCfg = Debug|Any CPU
		{EF0F3BE1-AF9A-40C9-AB86-8CF3AC6877A1}.Debug|iPhoneSimulator.Build.0 = Debug|Any CPU
		{EF0F3BE1-AF9A-40C9-AB86-8CF3AC6877A1}.Debug|x64.ActiveCfg = Debug|Any CPU
		{EF0F3BE1-AF9A-40C9-AB86-8CF3AC6877A1}.Debug|x64.Build.0 = Debug|Any CPU
		{EF0F3BE1-AF9A-40C9-AB86-8CF3AC6877A1}.Debug|x86.ActiveCfg = Debug|Any CPU
		{EF0F3BE1-AF9A-40C9-AB86-8CF3AC6877A1}.Debug|x86.Build.0 = Debug|Any CPU
		{EF0F3BE1-AF9A-40C9-AB86-8CF3AC6877A1}.Release|Any CPU.ActiveCfg = Release|Any CPU
		{EF0F3BE1-AF9A-40C9-AB86-8CF3AC6877A1}.Release|Any CPU.Build.0 = Release|Any CPU
		{EF0F3BE1-AF9A-40C9-AB86-8CF3AC6877A1}.Release|ARM.ActiveCfg = Release|Any CPU
		{EF0F3BE1-AF9A-40C9-AB86-8CF3AC6877A1}.Release|ARM.Build.0 = Release|Any CPU
		{EF0F3BE1-AF9A-40C9-AB86-8CF3AC6877A1}.Release|iPhone.ActiveCfg = Release|Any CPU
		{EF0F3BE1-AF9A-40C9-AB86-8CF3AC6877A1}.Release|iPhone.Build.0 = Release|Any CPU
		{EF0F3BE1-AF9A-40C9-AB86-8CF3AC6877A1}.Release|iPhoneSimulator.ActiveCfg = Release|Any CPU
		{EF0F3BE1-AF9A-40C9-AB86-8CF3AC6877A1}.Release|iPhoneSimulator.Build.0 = Release|Any CPU
		{EF0F3BE1-AF9A-40C9-AB86-8CF3AC6877A1}.Release|x64.ActiveCfg = Release|Any CPU
		{EF0F3BE1-AF9A-40C9-AB86-8CF3AC6877A1}.Release|x64.Build.0 = Release|Any CPU
		{EF0F3BE1-AF9A-40C9-AB86-8CF3AC6877A1}.Release|x86.ActiveCfg = Release|Any CPU
		{EF0F3BE1-AF9A-40C9-AB86-8CF3AC6877A1}.Release|x86.Build.0 = Release|Any CPU
		{A678E0DE-6626-4821-B34A-3386C20C45E3}.Debug|Any CPU.ActiveCfg = Debug|Any CPU
		{A678E0DE-6626-4821-B34A-3386C20C45E3}.Debug|Any CPU.Build.0 = Debug|Any CPU
		{A678E0DE-6626-4821-B34A-3386C20C45E3}.Debug|ARM.ActiveCfg = Debug|Any CPU
		{A678E0DE-6626-4821-B34A-3386C20C45E3}.Debug|ARM.Build.0 = Debug|Any CPU
		{A678E0DE-6626-4821-B34A-3386C20C45E3}.Debug|iPhone.ActiveCfg = Debug|Any CPU
		{A678E0DE-6626-4821-B34A-3386C20C45E3}.Debug|iPhone.Build.0 = Debug|Any CPU
		{A678E0DE-6626-4821-B34A-3386C20C45E3}.Debug|iPhoneSimulator.ActiveCfg = Debug|Any CPU
		{A678E0DE-6626-4821-B34A-3386C20C45E3}.Debug|iPhoneSimulator.Build.0 = Debug|Any CPU
		{A678E0DE-6626-4821-B34A-3386C20C45E3}.Debug|x64.ActiveCfg = Debug|Any CPU
		{A678E0DE-6626-4821-B34A-3386C20C45E3}.Debug|x64.Build.0 = Debug|Any CPU
		{A678E0DE-6626-4821-B34A-3386C20C45E3}.Debug|x86.ActiveCfg = Debug|Any CPU
		{A678E0DE-6626-4821-B34A-3386C20C45E3}.Debug|x86.Build.0 = Debug|Any CPU
		{A678E0DE-6626-4821-B34A-3386C20C45E3}.Release|Any CPU.ActiveCfg = Release|Any CPU
		{A678E0DE-6626-4821-B34A-3386C20C45E3}.Release|Any CPU.Build.0 = Release|Any CPU
		{A678E0DE-6626-4821-B34A-3386C20C45E3}.Release|ARM.ActiveCfg = Release|Any CPU
		{A678E0DE-6626-4821-B34A-3386C20C45E3}.Release|ARM.Build.0 = Release|Any CPU
		{A678E0DE-6626-4821-B34A-3386C20C45E3}.Release|iPhone.ActiveCfg = Release|Any CPU
		{A678E0DE-6626-4821-B34A-3386C20C45E3}.Release|iPhone.Build.0 = Release|Any CPU
		{A678E0DE-6626-4821-B34A-3386C20C45E3}.Release|iPhoneSimulator.ActiveCfg = Release|Any CPU
		{A678E0DE-6626-4821-B34A-3386C20C45E3}.Release|iPhoneSimulator.Build.0 = Release|Any CPU
		{A678E0DE-6626-4821-B34A-3386C20C45E3}.Release|x64.ActiveCfg = Release|Any CPU
		{A678E0DE-6626-4821-B34A-3386C20C45E3}.Release|x64.Build.0 = Release|Any CPU
		{A678E0DE-6626-4821-B34A-3386C20C45E3}.Release|x86.ActiveCfg = Release|Any CPU
		{A678E0DE-6626-4821-B34A-3386C20C45E3}.Release|x86.Build.0 = Release|Any CPU
		{607D22EE-EBFE-403D-8F7B-A92D7F32B29B}.Debug|Any CPU.ActiveCfg = Debug|Any CPU
		{607D22EE-EBFE-403D-8F7B-A92D7F32B29B}.Debug|Any CPU.Build.0 = Debug|Any CPU
		{607D22EE-EBFE-403D-8F7B-A92D7F32B29B}.Debug|ARM.ActiveCfg = Debug|Any CPU
		{607D22EE-EBFE-403D-8F7B-A92D7F32B29B}.Debug|ARM.Build.0 = Debug|Any CPU
		{607D22EE-EBFE-403D-8F7B-A92D7F32B29B}.Debug|iPhone.ActiveCfg = Debug|Any CPU
		{607D22EE-EBFE-403D-8F7B-A92D7F32B29B}.Debug|iPhone.Build.0 = Debug|Any CPU
		{607D22EE-EBFE-403D-8F7B-A92D7F32B29B}.Debug|iPhoneSimulator.ActiveCfg = Debug|Any CPU
		{607D22EE-EBFE-403D-8F7B-A92D7F32B29B}.Debug|iPhoneSimulator.Build.0 = Debug|Any CPU
		{607D22EE-EBFE-403D-8F7B-A92D7F32B29B}.Debug|x64.ActiveCfg = Debug|Any CPU
		{607D22EE-EBFE-403D-8F7B-A92D7F32B29B}.Debug|x64.Build.0 = Debug|Any CPU
		{607D22EE-EBFE-403D-8F7B-A92D7F32B29B}.Debug|x86.ActiveCfg = Debug|Any CPU
		{607D22EE-EBFE-403D-8F7B-A92D7F32B29B}.Debug|x86.Build.0 = Debug|Any CPU
		{607D22EE-EBFE-403D-8F7B-A92D7F32B29B}.Release|Any CPU.ActiveCfg = Release|Any CPU
		{607D22EE-EBFE-403D-8F7B-A92D7F32B29B}.Release|Any CPU.Build.0 = Release|Any CPU
		{607D22EE-EBFE-403D-8F7B-A92D7F32B29B}.Release|ARM.ActiveCfg = Release|Any CPU
		{607D22EE-EBFE-403D-8F7B-A92D7F32B29B}.Release|ARM.Build.0 = Release|Any CPU
		{607D22EE-EBFE-403D-8F7B-A92D7F32B29B}.Release|iPhone.ActiveCfg = Release|Any CPU
		{607D22EE-EBFE-403D-8F7B-A92D7F32B29B}.Release|iPhone.Build.0 = Release|Any CPU
		{607D22EE-EBFE-403D-8F7B-A92D7F32B29B}.Release|iPhoneSimulator.ActiveCfg = Release|Any CPU
		{607D22EE-EBFE-403D-8F7B-A92D7F32B29B}.Release|iPhoneSimulator.Build.0 = Release|Any CPU
		{607D22EE-EBFE-403D-8F7B-A92D7F32B29B}.Release|x64.ActiveCfg = Release|Any CPU
		{607D22EE-EBFE-403D-8F7B-A92D7F32B29B}.Release|x64.Build.0 = Release|Any CPU
		{607D22EE-EBFE-403D-8F7B-A92D7F32B29B}.Release|x86.ActiveCfg = Release|Any CPU
		{607D22EE-EBFE-403D-8F7B-A92D7F32B29B}.Release|x86.Build.0 = Release|Any CPU
		{457CF904-2AC4-4654-8488-E36F5E0462BF}.Debug|Any CPU.ActiveCfg = Debug|Any CPU
		{457CF904-2AC4-4654-8488-E36F5E0462BF}.Debug|Any CPU.Build.0 = Debug|Any CPU
		{457CF904-2AC4-4654-8488-E36F5E0462BF}.Debug|ARM.ActiveCfg = Debug|Any CPU
		{457CF904-2AC4-4654-8488-E36F5E0462BF}.Debug|ARM.Build.0 = Debug|Any CPU
		{457CF904-2AC4-4654-8488-E36F5E0462BF}.Debug|iPhone.ActiveCfg = Debug|Any CPU
		{457CF904-2AC4-4654-8488-E36F5E0462BF}.Debug|iPhone.Build.0 = Debug|Any CPU
		{457CF904-2AC4-4654-8488-E36F5E0462BF}.Debug|iPhoneSimulator.ActiveCfg = Debug|Any CPU
		{457CF904-2AC4-4654-8488-E36F5E0462BF}.Debug|iPhoneSimulator.Build.0 = Debug|Any CPU
		{457CF904-2AC4-4654-8488-E36F5E0462BF}.Debug|x64.ActiveCfg = Debug|Any CPU
		{457CF904-2AC4-4654-8488-E36F5E0462BF}.Debug|x64.Build.0 = Debug|Any CPU
		{457CF904-2AC4-4654-8488-E36F5E0462BF}.Debug|x86.ActiveCfg = Debug|Any CPU
		{457CF904-2AC4-4654-8488-E36F5E0462BF}.Debug|x86.Build.0 = Debug|Any CPU
		{457CF904-2AC4-4654-8488-E36F5E0462BF}.Release|Any CPU.ActiveCfg = Release|Any CPU
		{457CF904-2AC4-4654-8488-E36F5E0462BF}.Release|Any CPU.Build.0 = Release|Any CPU
		{457CF904-2AC4-4654-8488-E36F5E0462BF}.Release|ARM.ActiveCfg = Release|Any CPU
		{457CF904-2AC4-4654-8488-E36F5E0462BF}.Release|ARM.Build.0 = Release|Any CPU
		{457CF904-2AC4-4654-8488-E36F5E0462BF}.Release|iPhone.ActiveCfg = Release|Any CPU
		{457CF904-2AC4-4654-8488-E36F5E0462BF}.Release|iPhone.Build.0 = Release|Any CPU
		{457CF904-2AC4-4654-8488-E36F5E0462BF}.Release|iPhoneSimulator.ActiveCfg = Release|Any CPU
		{457CF904-2AC4-4654-8488-E36F5E0462BF}.Release|iPhoneSimulator.Build.0 = Release|Any CPU
		{457CF904-2AC4-4654-8488-E36F5E0462BF}.Release|x64.ActiveCfg = Release|Any CPU
		{457CF904-2AC4-4654-8488-E36F5E0462BF}.Release|x64.Build.0 = Release|Any CPU
		{457CF904-2AC4-4654-8488-E36F5E0462BF}.Release|x86.ActiveCfg = Release|Any CPU
		{457CF904-2AC4-4654-8488-E36F5E0462BF}.Release|x86.Build.0 = Release|Any CPU
		{201C8CAA-C8AF-4CC5-86D9-F9122437113B}.Debug|Any CPU.ActiveCfg = Debug|x86
		{201C8CAA-C8AF-4CC5-86D9-F9122437113B}.Debug|ARM.ActiveCfg = Debug|ARM
		{201C8CAA-C8AF-4CC5-86D9-F9122437113B}.Debug|ARM.Build.0 = Debug|ARM
		{201C8CAA-C8AF-4CC5-86D9-F9122437113B}.Debug|ARM.Deploy.0 = Debug|ARM
		{201C8CAA-C8AF-4CC5-86D9-F9122437113B}.Debug|iPhone.ActiveCfg = Debug|x86
		{201C8CAA-C8AF-4CC5-86D9-F9122437113B}.Debug|iPhoneSimulator.ActiveCfg = Debug|x86
		{201C8CAA-C8AF-4CC5-86D9-F9122437113B}.Debug|x64.ActiveCfg = Debug|x64
		{201C8CAA-C8AF-4CC5-86D9-F9122437113B}.Debug|x64.Build.0 = Debug|x64
		{201C8CAA-C8AF-4CC5-86D9-F9122437113B}.Debug|x64.Deploy.0 = Debug|x64
		{201C8CAA-C8AF-4CC5-86D9-F9122437113B}.Debug|x86.ActiveCfg = Debug|x86
		{201C8CAA-C8AF-4CC5-86D9-F9122437113B}.Debug|x86.Build.0 = Debug|x86
		{201C8CAA-C8AF-4CC5-86D9-F9122437113B}.Debug|x86.Deploy.0 = Debug|x86
		{201C8CAA-C8AF-4CC5-86D9-F9122437113B}.Release|Any CPU.ActiveCfg = Release|x86
		{201C8CAA-C8AF-4CC5-86D9-F9122437113B}.Release|ARM.ActiveCfg = Release|ARM
		{201C8CAA-C8AF-4CC5-86D9-F9122437113B}.Release|ARM.Build.0 = Release|ARM
		{201C8CAA-C8AF-4CC5-86D9-F9122437113B}.Release|ARM.Deploy.0 = Release|ARM
		{201C8CAA-C8AF-4CC5-86D9-F9122437113B}.Release|iPhone.ActiveCfg = Release|x86
		{201C8CAA-C8AF-4CC5-86D9-F9122437113B}.Release|iPhoneSimulator.ActiveCfg = Release|x86
		{201C8CAA-C8AF-4CC5-86D9-F9122437113B}.Release|x64.ActiveCfg = Release|x64
		{201C8CAA-C8AF-4CC5-86D9-F9122437113B}.Release|x64.Build.0 = Release|x64
		{201C8CAA-C8AF-4CC5-86D9-F9122437113B}.Release|x64.Deploy.0 = Release|x64
		{201C8CAA-C8AF-4CC5-86D9-F9122437113B}.Release|x86.ActiveCfg = Release|x86
		{201C8CAA-C8AF-4CC5-86D9-F9122437113B}.Release|x86.Build.0 = Release|x86
		{201C8CAA-C8AF-4CC5-86D9-F9122437113B}.Release|x86.Deploy.0 = Release|x86
		{95F178CC-C9E9-4AA9-AD01-4252FFC075DD}.Debug|Any CPU.ActiveCfg = Debug|Any CPU
		{95F178CC-C9E9-4AA9-AD01-4252FFC075DD}.Debug|Any CPU.Build.0 = Debug|Any CPU
		{95F178CC-C9E9-4AA9-AD01-4252FFC075DD}.Debug|Any CPU.Deploy.0 = Debug|Any CPU
		{95F178CC-C9E9-4AA9-AD01-4252FFC075DD}.Debug|ARM.ActiveCfg = Debug|Any CPU
		{95F178CC-C9E9-4AA9-AD01-4252FFC075DD}.Debug|ARM.Build.0 = Debug|Any CPU
		{95F178CC-C9E9-4AA9-AD01-4252FFC075DD}.Debug|ARM.Deploy.0 = Debug|Any CPU
		{95F178CC-C9E9-4AA9-AD01-4252FFC075DD}.Debug|iPhone.ActiveCfg = Debug|Any CPU
		{95F178CC-C9E9-4AA9-AD01-4252FFC075DD}.Debug|iPhone.Build.0 = Debug|Any CPU
		{95F178CC-C9E9-4AA9-AD01-4252FFC075DD}.Debug|iPhone.Deploy.0 = Debug|Any CPU
		{95F178CC-C9E9-4AA9-AD01-4252FFC075DD}.Debug|iPhoneSimulator.ActiveCfg = Debug|Any CPU
		{95F178CC-C9E9-4AA9-AD01-4252FFC075DD}.Debug|iPhoneSimulator.Build.0 = Debug|Any CPU
		{95F178CC-C9E9-4AA9-AD01-4252FFC075DD}.Debug|iPhoneSimulator.Deploy.0 = Debug|Any CPU
		{95F178CC-C9E9-4AA9-AD01-4252FFC075DD}.Debug|x64.ActiveCfg = Debug|Any CPU
		{95F178CC-C9E9-4AA9-AD01-4252FFC075DD}.Debug|x64.Build.0 = Debug|Any CPU
		{95F178CC-C9E9-4AA9-AD01-4252FFC075DD}.Debug|x64.Deploy.0 = Debug|Any CPU
		{95F178CC-C9E9-4AA9-AD01-4252FFC075DD}.Debug|x86.ActiveCfg = Debug|Any CPU
		{95F178CC-C9E9-4AA9-AD01-4252FFC075DD}.Debug|x86.Build.0 = Debug|Any CPU
		{95F178CC-C9E9-4AA9-AD01-4252FFC075DD}.Debug|x86.Deploy.0 = Debug|Any CPU
		{95F178CC-C9E9-4AA9-AD01-4252FFC075DD}.Release|Any CPU.ActiveCfg = Release|Any CPU
		{95F178CC-C9E9-4AA9-AD01-4252FFC075DD}.Release|Any CPU.Build.0 = Release|Any CPU
		{95F178CC-C9E9-4AA9-AD01-4252FFC075DD}.Release|Any CPU.Deploy.0 = Release|Any CPU
		{95F178CC-C9E9-4AA9-AD01-4252FFC075DD}.Release|ARM.ActiveCfg = Release|Any CPU
		{95F178CC-C9E9-4AA9-AD01-4252FFC075DD}.Release|ARM.Build.0 = Release|Any CPU
		{95F178CC-C9E9-4AA9-AD01-4252FFC075DD}.Release|ARM.Deploy.0 = Release|Any CPU
		{95F178CC-C9E9-4AA9-AD01-4252FFC075DD}.Release|iPhone.ActiveCfg = Release|Any CPU
		{95F178CC-C9E9-4AA9-AD01-4252FFC075DD}.Release|iPhone.Build.0 = Release|Any CPU
		{95F178CC-C9E9-4AA9-AD01-4252FFC075DD}.Release|iPhone.Deploy.0 = Release|Any CPU
		{95F178CC-C9E9-4AA9-AD01-4252FFC075DD}.Release|iPhoneSimulator.ActiveCfg = Release|Any CPU
		{95F178CC-C9E9-4AA9-AD01-4252FFC075DD}.Release|iPhoneSimulator.Build.0 = Release|Any CPU
		{95F178CC-C9E9-4AA9-AD01-4252FFC075DD}.Release|iPhoneSimulator.Deploy.0 = Release|Any CPU
		{95F178CC-C9E9-4AA9-AD01-4252FFC075DD}.Release|x64.ActiveCfg = Release|Any CPU
		{95F178CC-C9E9-4AA9-AD01-4252FFC075DD}.Release|x64.Build.0 = Release|Any CPU
		{95F178CC-C9E9-4AA9-AD01-4252FFC075DD}.Release|x64.Deploy.0 = Release|Any CPU
		{95F178CC-C9E9-4AA9-AD01-4252FFC075DD}.Release|x86.ActiveCfg = Release|Any CPU
		{95F178CC-C9E9-4AA9-AD01-4252FFC075DD}.Release|x86.Build.0 = Release|Any CPU
		{95F178CC-C9E9-4AA9-AD01-4252FFC075DD}.Release|x86.Deploy.0 = Release|Any CPU
		{7B51DB9C-3C8C-4CBB-8420-CBC0F89D1243}.Debug|Any CPU.ActiveCfg = Debug|iPhone
		{7B51DB9C-3C8C-4CBB-8420-CBC0F89D1243}.Debug|ARM.ActiveCfg = Debug|iPhone
		{7B51DB9C-3C8C-4CBB-8420-CBC0F89D1243}.Debug|iPhone.ActiveCfg = Debug|iPhone
		{7B51DB9C-3C8C-4CBB-8420-CBC0F89D1243}.Debug|iPhone.Build.0 = Debug|iPhone
		{7B51DB9C-3C8C-4CBB-8420-CBC0F89D1243}.Debug|iPhoneSimulator.ActiveCfg = Debug|iPhoneSimulator
		{7B51DB9C-3C8C-4CBB-8420-CBC0F89D1243}.Debug|iPhoneSimulator.Build.0 = Debug|iPhoneSimulator
		{7B51DB9C-3C8C-4CBB-8420-CBC0F89D1243}.Debug|x64.ActiveCfg = Debug|iPhone
		{7B51DB9C-3C8C-4CBB-8420-CBC0F89D1243}.Debug|x86.ActiveCfg = Debug|iPhone
		{7B51DB9C-3C8C-4CBB-8420-CBC0F89D1243}.Release|Any CPU.ActiveCfg = Release|iPhone
		{7B51DB9C-3C8C-4CBB-8420-CBC0F89D1243}.Release|ARM.ActiveCfg = Release|iPhone
		{7B51DB9C-3C8C-4CBB-8420-CBC0F89D1243}.Release|iPhone.ActiveCfg = Release|iPhone
		{7B51DB9C-3C8C-4CBB-8420-CBC0F89D1243}.Release|iPhone.Build.0 = Release|iPhone
		{7B51DB9C-3C8C-4CBB-8420-CBC0F89D1243}.Release|iPhoneSimulator.ActiveCfg = Release|iPhoneSimulator
		{7B51DB9C-3C8C-4CBB-8420-CBC0F89D1243}.Release|iPhoneSimulator.Build.0 = Release|iPhoneSimulator
		{7B51DB9C-3C8C-4CBB-8420-CBC0F89D1243}.Release|x64.ActiveCfg = Release|iPhone
		{7B51DB9C-3C8C-4CBB-8420-CBC0F89D1243}.Release|x86.ActiveCfg = Release|iPhone
		{B3546391-77F9-4010-B3B1-6DB8BC0795E5}.Debug|Any CPU.ActiveCfg = Debug|Any CPU
		{B3546391-77F9-4010-B3B1-6DB8BC0795E5}.Debug|Any CPU.Build.0 = Debug|Any CPU
		{B3546391-77F9-4010-B3B1-6DB8BC0795E5}.Debug|ARM.ActiveCfg = Debug|Any CPU
		{B3546391-77F9-4010-B3B1-6DB8BC0795E5}.Debug|ARM.Build.0 = Debug|Any CPU
		{B3546391-77F9-4010-B3B1-6DB8BC0795E5}.Debug|iPhone.ActiveCfg = Debug|Any CPU
		{B3546391-77F9-4010-B3B1-6DB8BC0795E5}.Debug|iPhone.Build.0 = Debug|Any CPU
		{B3546391-77F9-4010-B3B1-6DB8BC0795E5}.Debug|iPhoneSimulator.ActiveCfg = Debug|Any CPU
		{B3546391-77F9-4010-B3B1-6DB8BC0795E5}.Debug|iPhoneSimulator.Build.0 = Debug|Any CPU
		{B3546391-77F9-4010-B3B1-6DB8BC0795E5}.Debug|x64.ActiveCfg = Debug|Any CPU
		{B3546391-77F9-4010-B3B1-6DB8BC0795E5}.Debug|x64.Build.0 = Debug|Any CPU
		{B3546391-77F9-4010-B3B1-6DB8BC0795E5}.Debug|x86.ActiveCfg = Debug|Any CPU
		{B3546391-77F9-4010-B3B1-6DB8BC0795E5}.Debug|x86.Build.0 = Debug|Any CPU
		{B3546391-77F9-4010-B3B1-6DB8BC0795E5}.Release|Any CPU.ActiveCfg = Release|Any CPU
		{B3546391-77F9-4010-B3B1-6DB8BC0795E5}.Release|Any CPU.Build.0 = Release|Any CPU
		{B3546391-77F9-4010-B3B1-6DB8BC0795E5}.Release|ARM.ActiveCfg = Release|Any CPU
		{B3546391-77F9-4010-B3B1-6DB8BC0795E5}.Release|ARM.Build.0 = Release|Any CPU
		{B3546391-77F9-4010-B3B1-6DB8BC0795E5}.Release|iPhone.ActiveCfg = Release|Any CPU
		{B3546391-77F9-4010-B3B1-6DB8BC0795E5}.Release|iPhone.Build.0 = Release|Any CPU
		{B3546391-77F9-4010-B3B1-6DB8BC0795E5}.Release|iPhoneSimulator.ActiveCfg = Release|Any CPU
		{B3546391-77F9-4010-B3B1-6DB8BC0795E5}.Release|iPhoneSimulator.Build.0 = Release|Any CPU
		{B3546391-77F9-4010-B3B1-6DB8BC0795E5}.Release|x64.ActiveCfg = Release|Any CPU
		{B3546391-77F9-4010-B3B1-6DB8BC0795E5}.Release|x64.Build.0 = Release|Any CPU
		{B3546391-77F9-4010-B3B1-6DB8BC0795E5}.Release|x86.ActiveCfg = Release|Any CPU
		{B3546391-77F9-4010-B3B1-6DB8BC0795E5}.Release|x86.Build.0 = Release|Any CPU
		{5F44619F-C3A6-437B-9A55-D8B347B6511F}.Debug|Any CPU.ActiveCfg = Debug|Any CPU
		{5F44619F-C3A6-437B-9A55-D8B347B6511F}.Debug|Any CPU.Build.0 = Debug|Any CPU
		{5F44619F-C3A6-437B-9A55-D8B347B6511F}.Debug|ARM.ActiveCfg = Debug|Any CPU
		{5F44619F-C3A6-437B-9A55-D8B347B6511F}.Debug|ARM.Build.0 = Debug|Any CPU
		{5F44619F-C3A6-437B-9A55-D8B347B6511F}.Debug|iPhone.ActiveCfg = Debug|Any CPU
		{5F44619F-C3A6-437B-9A55-D8B347B6511F}.Debug|iPhone.Build.0 = Debug|Any CPU
		{5F44619F-C3A6-437B-9A55-D8B347B6511F}.Debug|iPhoneSimulator.ActiveCfg = Debug|Any CPU
		{5F44619F-C3A6-437B-9A55-D8B347B6511F}.Debug|iPhoneSimulator.Build.0 = Debug|Any CPU
		{5F44619F-C3A6-437B-9A55-D8B347B6511F}.Debug|x64.ActiveCfg = Debug|Any CPU
		{5F44619F-C3A6-437B-9A55-D8B347B6511F}.Debug|x64.Build.0 = Debug|Any CPU
		{5F44619F-C3A6-437B-9A55-D8B347B6511F}.Debug|x86.ActiveCfg = Debug|Any CPU
		{5F44619F-C3A6-437B-9A55-D8B347B6511F}.Debug|x86.Build.0 = Debug|Any CPU
		{5F44619F-C3A6-437B-9A55-D8B347B6511F}.Release|Any CPU.ActiveCfg = Release|Any CPU
		{5F44619F-C3A6-437B-9A55-D8B347B6511F}.Release|Any CPU.Build.0 = Release|Any CPU
		{5F44619F-C3A6-437B-9A55-D8B347B6511F}.Release|ARM.ActiveCfg = Release|Any CPU
		{5F44619F-C3A6-437B-9A55-D8B347B6511F}.Release|ARM.Build.0 = Release|Any CPU
		{5F44619F-C3A6-437B-9A55-D8B347B6511F}.Release|iPhone.ActiveCfg = Release|Any CPU
		{5F44619F-C3A6-437B-9A55-D8B347B6511F}.Release|iPhone.Build.0 = Release|Any CPU
		{5F44619F-C3A6-437B-9A55-D8B347B6511F}.Release|iPhoneSimulator.ActiveCfg = Release|Any CPU
		{5F44619F-C3A6-437B-9A55-D8B347B6511F}.Release|iPhoneSimulator.Build.0 = Release|Any CPU
		{5F44619F-C3A6-437B-9A55-D8B347B6511F}.Release|x64.ActiveCfg = Release|Any CPU
		{5F44619F-C3A6-437B-9A55-D8B347B6511F}.Release|x64.Build.0 = Release|Any CPU
		{5F44619F-C3A6-437B-9A55-D8B347B6511F}.Release|x86.ActiveCfg = Release|Any CPU
		{5F44619F-C3A6-437B-9A55-D8B347B6511F}.Release|x86.Build.0 = Release|Any CPU
		{3433D576-FC51-42A3-B452-8524D8595EFF}.Debug|Any CPU.ActiveCfg = Debug|Any CPU
		{3433D576-FC51-42A3-B452-8524D8595EFF}.Debug|Any CPU.Build.0 = Debug|Any CPU
		{3433D576-FC51-42A3-B452-8524D8595EFF}.Debug|ARM.ActiveCfg = Debug|Any CPU
		{3433D576-FC51-42A3-B452-8524D8595EFF}.Debug|ARM.Build.0 = Debug|Any CPU
		{3433D576-FC51-42A3-B452-8524D8595EFF}.Debug|iPhone.ActiveCfg = Debug|Any CPU
		{3433D576-FC51-42A3-B452-8524D8595EFF}.Debug|iPhone.Build.0 = Debug|Any CPU
		{3433D576-FC51-42A3-B452-8524D8595EFF}.Debug|iPhoneSimulator.ActiveCfg = Debug|Any CPU
		{3433D576-FC51-42A3-B452-8524D8595EFF}.Debug|iPhoneSimulator.Build.0 = Debug|Any CPU
		{3433D576-FC51-42A3-B452-8524D8595EFF}.Debug|x64.ActiveCfg = Debug|Any CPU
		{3433D576-FC51-42A3-B452-8524D8595EFF}.Debug|x64.Build.0 = Debug|Any CPU
		{3433D576-FC51-42A3-B452-8524D8595EFF}.Debug|x86.ActiveCfg = Debug|Any CPU
		{3433D576-FC51-42A3-B452-8524D8595EFF}.Debug|x86.Build.0 = Debug|Any CPU
		{3433D576-FC51-42A3-B452-8524D8595EFF}.Release|Any CPU.ActiveCfg = Release|Any CPU
		{3433D576-FC51-42A3-B452-8524D8595EFF}.Release|Any CPU.Build.0 = Release|Any CPU
		{3433D576-FC51-42A3-B452-8524D8595EFF}.Release|ARM.ActiveCfg = Release|Any CPU
		{3433D576-FC51-42A3-B452-8524D8595EFF}.Release|ARM.Build.0 = Release|Any CPU
		{3433D576-FC51-42A3-B452-8524D8595EFF}.Release|iPhone.ActiveCfg = Release|Any CPU
		{3433D576-FC51-42A3-B452-8524D8595EFF}.Release|iPhone.Build.0 = Release|Any CPU
		{3433D576-FC51-42A3-B452-8524D8595EFF}.Release|iPhoneSimulator.ActiveCfg = Release|Any CPU
		{3433D576-FC51-42A3-B452-8524D8595EFF}.Release|iPhoneSimulator.Build.0 = Release|Any CPU
		{3433D576-FC51-42A3-B452-8524D8595EFF}.Release|x64.ActiveCfg = Release|Any CPU
		{3433D576-FC51-42A3-B452-8524D8595EFF}.Release|x64.Build.0 = Release|Any CPU
		{3433D576-FC51-42A3-B452-8524D8595EFF}.Release|x86.ActiveCfg = Release|Any CPU
		{3433D576-FC51-42A3-B452-8524D8595EFF}.Release|x86.Build.0 = Release|Any CPU
	EndGlobalSection
	GlobalSection(SolutionProperties) = preSolution
		HideSolutionNode = FALSE
	EndGlobalSection
	GlobalSection(NestedProjects) = preSolution
		{E67AB457-CAF1-4C77-87CF-9FDA9EFD0935} = {8CE13967-D446-4408-978A-09D1EA4E7D27}
		{23F0285C-4FBA-42C7-9A64-E27ECC3F2E76} = {8CE13967-D446-4408-978A-09D1EA4E7D27}
		{6EFF2A21-D321-4680-9A24-0BD8CEF86B4B} = {9AA9739A-CFF4-4A99-B91A-27523328E0A2}
		{EF0F3BE1-AF9A-40C9-AB86-8CF3AC6877A1} = {59FF8BA2-23E7-42E5-8069-295AEA789ECB}
		{A678E0DE-6626-4821-B34A-3386C20C45E3} = {59FF8BA2-23E7-42E5-8069-295AEA789ECB}
		{607D22EE-EBFE-403D-8F7B-A92D7F32B29B} = {59FF8BA2-23E7-42E5-8069-295AEA789ECB}
		{457CF904-2AC4-4654-8488-E36F5E0462BF} = {59FF8BA2-23E7-42E5-8069-295AEA789ECB}
		{201C8CAA-C8AF-4CC5-86D9-F9122437113B} = {1EC552B0-8E9E-4678-8120-3B55FC74485C}
		{5F44619F-C3A6-437B-9A55-D8B347B6511F} = {59FF8BA2-23E7-42E5-8069-295AEA789ECB}
		{3433D576-FC51-42A3-B452-8524D8595EFF} = {59FF8BA2-23E7-42E5-8069-295AEA789ECB}
	EndGlobalSection
	GlobalSection(ExtensibilityGlobals) = postSolution
		SolutionGuid = {AC3EB1A9-29F7-4F96-B3B9-C8F509A27E7B}
	EndGlobalSection
EndGlobal
